
Microsoft Visual Studio Solution File, Format Version 12.00
# Visual Studio Version 17
VisualStudioVersion = 17.6.33829.357
MinimumVisualStudioVersion = 10.0.40219.1
Project("{9A19103F-16F7-4668-BE54-9A1E7A4F7556}") = "StatsDisplay", "StatsDisplay.csproj", "{C518D3BF-6F81-4381-A60E-819392B89073}"
EndProject
Global
	GlobalSection(SolutionConfigurationPlatforms) = preSolution
		Debug|Any CPU = Debug|Any CPU
		Debug|x64 = Debug|x64
		Release|Any CPU = Release|Any CPU
		Release|x64 = Release|x64
	EndGlobalSection
	GlobalSection(ProjectConfigurationPlatforms) = postSolution
		{C518D3BF-6F81-4381-A60E-819392B89073}.Debug|Any CPU.ActiveCfg = Debug|Any CPU
		{C518D3BF-6F81-4381-A60E-819392B89073}.Debug|Any CPU.Build.0 = Debug|Any CPU
		{C518D3BF-6F81-4381-A60E-819392B89073}.Debug|x64.ActiveCfg = Debug|x64
		{C518D3BF-6F81-4381-A60E-819392B89073}.Debug|x64.Build.0 = Debug|x64
		{C518D3BF-6F81-4381-A60E-819392B89073}.Release|Any CPU.ActiveCfg = Release|Any CPU
		{C518D3BF-6F81-4381-A60E-819392B89073}.Release|Any CPU.Build.0 = Release|Any CPU
		{C518D3BF-6F81-4381-A60E-819392B89073}.Release|x64.ActiveCfg = Release|x64
		{C518D3BF-6F81-4381-A60E-819392B89073}.Release|x64.Build.0 = Release|x64
	EndGlobalSection
	GlobalSection(SolutionProperties) = preSolution
		HideSolutionNode = FALSE
	EndGlobalSection
	GlobalSection(ExtensibilityGlobals) = postSolution
		SolutionGuid = {C16DAEDD-F895-481F-A550-F2A9AC096044}
	EndGlobalSection
EndGlobal
